[[package]]
name = "asgiref"
version = "3.8.1"
description = "ASGI specs, helper code, and adapters"
category = "main"
optional = false
python-versions = ">=3.8"

[package.dependencies]
typing-extensions = {version = ">=4", markers = "python_version < \"3.11\""}

[package.extras]
tests = ["pytest", "pytest-asyncio", "mypy (>=0.800)"]

[[package]]
name = "async-timeout"
version = "4.0.3"
description = "Timeout context manager for asyncio programs"
category = "main"
optional = false
python-versions = ">=3.7"

[[package]]
name = "attrs"
version = "23.2.0"
description = "Classes Without Boilerplate"
category = "main"
optional = false
python-versions = ">=3.7"

[package.extras]
cov = ["attrs", "coverage[toml] (>=5.3)"]
dev = ["attrs", "pre-commit"]
docs = ["furo", "myst-parser", "sphinx", "sphinx-notfound-page", "sphinxcontrib-towncrier", "towncrier", "zope-interface"]
tests = ["attrs", "zope-interface"]
tests-mypy = ["mypy (>=1.6)", "pytest-mypy-plugins"]
tests-no-zope = ["attrs", "cloudpickle", "hypothesis", "pympler", "pytest-xdist", "pytest (>=4.3.0)"]

[[package]]
name = "certifi"
version = "2024.6.2"
description = "Python package for providing Mozilla's CA Bundle."
category = "main"
optional = false
python-versions = ">=3.6"

[[package]]
name = "cffi"
version = "1.16.0"
description = "Foreign Function Interface for Python calling C code."
category = "main"
optional = false
python-versions = ">=3.8"

[package.dependencies]
pycparser = "*"

[[package]]
name = "charset-normalizer"
version = "3.3.2"
description = "The Real First Universal Charset Detector. Open, modern and actively maintained alternative to Chardet."
category = "main"
optional = false
python-versions = ">=3.7.0"

[[package]]
name = "colorama"
version = "0.4.6"
description = "Cross-platform colored terminal text."
category = "main"
optional = false
python-versions = "!=3.0.*,!=3.1.*,!=3.2.*,!=3.3.*,!=3.4.*,!=3.5.*,!=3.6.*,>=2.7"

[[package]]
name = "coreapi"
version = "2.3.3"
description = "Python client library for Core API."
category = "main"
optional = false
python-versions = "*"

[package.dependencies]
coreschema = "*"
itypes = "*"
requests = "*"
uritemplate = "*"

[[package]]
name = "coreschema"
version = "0.0.4"
description = "Core Schema."
category = "main"
optional = false
python-versions = "*"

[package.dependencies]
jinja2 = "*"

[[package]]
name = "cryptography"
version = "42.0.8"
description = "cryptography is a package which provides cryptographic recipes and primitives to Python developers."
category = "main"
optional = false
python-versions = ">=3.7"

[package.dependencies]
cffi = {version = ">=1.12", markers = "platform_python_implementation != \"PyPy\""}

[package.extras]
docs = ["sphinx (>=5.3.0)", "sphinx-rtd-theme (>=1.1.1)"]
docstest = ["pyenchant (>=1.6.11)", "readme-renderer", "sphinxcontrib-spelling (>=4.0.1)"]
nox = ["nox"]
pep8test = ["ruff", "mypy", "check-sdist", "click"]
sdist = ["build"]
ssh = ["bcrypt (>=3.1.5)"]
test = ["pytest (>=6.2.0)", "pytest-benchmark", "pytest-cov", "pytest-xdist", "pretend", "certifi"]
test-randomorder = ["pytest-randomly"]

[[package]]
name = "defusedxml"
version = "0.8.0rc2"
description = "XML bomb protection for Python stdlib modules"
category = "main"
optional = false
python-versions = ">=3.6"

[[package]]
name = "django"
version = "4.2.13"
description = "A high-level Python web framework that encourages rapid development and clean, pragmatic design."
category = "main"
optional = false
python-versions = ">=3.8"

[package.dependencies]
asgiref = ">=3.6.0,<4"
sqlparse = ">=0.3.1"
tzdata = {version = "*", markers = "sys_platform == \"win32\""}

[package.extras]
argon2 = ["argon2-cffi (>=19.1.0)"]
bcrypt = ["bcrypt"]

[[package]]
name = "django-admin-interface"
version = "0.26.1"
description = "django's default admin interface with superpowers - customizable themes, popup windows replaced by modals and many other features."
category = "main"
optional = false
python-versions = "*"

[package.dependencies]
django-colorfield = ">=0.8.0,<1.0.0"
python-slugify = ">=7.0.0,<9.0.0"

[[package]]
name = "django-colorfield"
version = "0.11.0"
description = "color field for django models with a nice color-picker in the admin."
category = "main"
optional = false
python-versions = "*"

[package.dependencies]
Pillow = ">=9.0.0"

[[package]]
name = "django-cors-headers"
version = "4.3.1"
description = "django-cors-headers is a Django application for handling the server headers required for Cross-Origin Resource Sharing (CORS)."
category = "main"
optional = false
python-versions = ">=3.8"

[package.dependencies]
asgiref = ">=3.6"
Django = ">=3.2"

[[package]]
name = "django-extensions"
version = "3.2.3"
description = "Extensions for Django"
category = "main"
optional = false
python-versions = ">=3.6"

[package.dependencies]
Django = ">=3.2"

[[package]]
name = "django-filter"
version = "23.5"
description = "Django-filter is a reusable Django application for allowing users to filter querysets dynamically."
category = "main"
optional = false
python-versions = ">=3.7"

[package.dependencies]
Django = ">=3.2"

[[package]]
name = "django-redis"
version = "5.4.0"
description = "Full featured redis cache backend for Django."
category = "main"
optional = false
python-versions = ">=3.6"

[package.dependencies]
Django = ">=3.2"
redis = ">=3,<4.0.0 || >4.0.0,<4.0.1 || >4.0.1"

[package.extras]
hiredis = ["redis[hiredis] (>=3,!=4.0.0,!=4.0.1)"]

[[package]]
name = "django-rest-swagger"
version = "2.2.0"
description = "Swagger UI for Django REST Framework 3.5+"
category = "main"
optional = false
python-versions = "*"

[package.dependencies]
coreapi = ">=2.3.0"
djangorestframework = ">=3.5.4"
openapi-codec = ">=1.3.1"
simplejson = "*"

[[package]]
name = "django-templated-mail"
version = "1.1.1"
description = "Send emails using Django template system."
category = "main"
optional = false
python-versions = "*"

[[package]]
name = "djangorestframework"
version = "3.15.1"
description = "Web APIs for Django, made easy."
category = "main"
optional = false
python-versions = ">=3.6"

[package.dependencies]
django = ">=3.0"

[[package]]
name = "djangorestframework-simplejwt"
version = "5.3.1"
description = "A minimal JSON Web Token authentication plugin for Django REST Framework"
category = "main"
optional = false
python-versions = ">=3.8"

[package.dependencies]
django = ">=3.2"
djangorestframework = ">=3.12"
pyjwt = ">=1.7.1,<3"

[package.extras]
test = ["cryptography", "freezegun", "pytest-cov", "pytest-django", "pytest-xdist", "pytest", "tox"]
lint = ["flake8", "pep8", "isort"]
doc = ["Sphinx (>=1.6.5,<2)", "sphinx_rtd_theme (>=0.1.9)"]
dev = ["pytest-watch", "wheel", "twine", "ipython", "cryptography", "freezegun", "pytest-cov", "pytest-django", "pytest-xdist", "pytest", "tox", "flake8", "pep8", "isort", "Sphinx (>=1.6.5,<2)", "sphinx_rtd_theme (>=0.1.9)", "python-jose (==3.3.0)"]
python-jose = ["python-jose (==3.3.0)"]
crypto = ["cryptography (>=3.3.1)"]

[[package]]
name = "djoser"
version = "2.2.3"
description = "REST implementation of Django authentication system."
category = "main"
optional = false
python-versions = "<4.0,>=3.8"

[package.dependencies]
django = ">=3.0.0"
django-templated-mail = ">=1.1.1,<2.0.0"
djangorestframework-simplejwt = ">=5.0,<6.0"
social-auth-app-django = ">=5.0.0,<6.0.0"

[package.extras]
djet = ["djet (>=0.3.0,<0.4.0)"]
webauthn = ["webauthn (<1.0)"]

[[package]]
name = "drf-spectacular"
version = "0.27.2"
description = "Sane and flexible OpenAPI 3 schema generation for Django REST framework"
category = "main"
optional = false
python-versions = ">=3.7"

[package.dependencies]
Django = ">=2.2"
djangorestframework = ">=3.10.3"
inflection = ">=0.3.1"
jsonschema = ">=2.6.0"
PyYAML = ">=5.1"
typing-extensions = {version = "*", markers = "python_version < \"3.10\""}
uritemplate = ">=2.0.0"

[package.extras]
offline = ["drf-spectacular-sidecar"]
sidecar = ["drf-spectacular-sidecar"]

[[package]]
name = "drf-yasg"
version = "1.21.7"
description = "Automated generation of real Swagger/OpenAPI 2.0 schemas from Django Rest Framework code."
category = "main"
optional = false
python-versions = ">=3.6"

[package.dependencies]
django = ">=2.2.16"
djangorestframework = ">=3.10.3"
inflection = ">=0.3.1"
packaging = ">=21.0"
pytz = ">=2021.1"
pyyaml = ">=5.1"
uritemplate = ">=3.0.0"

[package.extras]
coreapi = ["coreapi (>=2.3.3)", "coreschema (>=0.0.4)"]
validation = ["swagger-spec-validator (>=2.1.0)"]

[[package]]
name = "idna"
version = "3.7"
description = "Internationalized Domain Names in Applications (IDNA)"
category = "main"
optional = false
python-versions = ">=3.5"

[[package]]
name = "inflection"
version = "0.5.1"
description = "A port of Ruby on Rails inflector to Python"
category = "main"
optional = false
python-versions = ">=3.5"

[[package]]
name = "itypes"
version = "1.2.0"
description = "Simple immutable types for python."
category = "main"
optional = false
python-versions = "*"

[[package]]
name = "jinja2"
version = "3.1.4"
description = "A very fast and expressive template engine."
category = "main"
optional = false
python-versions = ">=3.7"

[package.dependencies]
MarkupSafe = ">=2.0"

[package.extras]
i18n = ["Babel (>=2.7)"]

[[package]]
name = "jsonschema"
version = "4.22.0"
description = "An implementation of JSON Schema validation for Python"
category = "main"
optional = false
python-versions = ">=3.8"

[package.dependencies]
attrs = ">=22.2.0"
jsonschema-specifications = ">=2023.03.6"
referencing = ">=0.28.4"
rpds-py = ">=0.7.1"

[package.extras]
format = ["fqdn", "idna", "isoduration", "jsonpointer (>1.13)", "rfc3339-validator", "rfc3987", "uri-template", "webcolors (>=1.11)"]
format-nongpl = ["fqdn", "idna", "isoduration", "jsonpointer (>1.13)", "rfc3339-validator", "rfc3986-validator (>0.1.0)", "uri-template", "webcolors (>=1.11)"]

[[package]]
name = "jsonschema-specifications"
version = "2023.12.1"
description = "The JSON Schema meta-schemas and vocabularies, exposed as a Registry"
category = "main"
optional = false
python-versions = ">=3.8"

[package.dependencies]
referencing = ">=0.31.0"

[[package]]
name = "loguru"
version = "0.7.2"
description = "Python logging made (stupidly) simple"
category = "main"
optional = false
python-versions = ">=3.5"

[package.dependencies]
colorama = {version = ">=0.3.4", markers = "sys_platform == \"win32\""}
win32-setctime = {version = ">=1.0.0", markers = "sys_platform == \"win32\""}

[package.extras]
dev = ["mypy (==v0.910)", "tox (==3.27.1)", "pytest (==6.1.2)", "pytest-cov (==2.12.1)", "colorama (==0.4.5)", "freezegun (==1.1.0)", "mypy (==v0.971)", "pytest-mypy-plugins (==1.9.3)", "exceptiongroup (==1.1.3)", "mypy (==v1.4.1)", "pre-commit (==3.4.0)", "tox (==4.11.0)", "pytest (==7.4.0)", "pytest-cov (==4.1.0)", "pytest-mypy-plugins (==3.0.0)", "colorama (==0.4.6)", "freezegun (==1.2.2)", "mypy (==v1.5.1)", "Sphinx (==7.2.5)", "sphinx-autobuild (==2021.3.14)", "sphinx-rtd-theme (==1.3.0)"]

[[package]]
name = "markupsafe"
version = "2.1.5"
description = "Safely add untrusted strings to HTML/XML markup."
category = "main"
optional = false
python-versions = ">=3.7"

[[package]]
name = "oauthlib"
version = "3.2.2"
description = "A generic, spec-compliant, thorough implementation of the OAuth request-signing logic"
category = "main"
optional = false
python-versions = ">=3.6"

[package.extras]
rsa = ["cryptography (>=3.0.0)"]
signals = ["blinker (>=1.4.0)"]
signedtoken = ["cryptography (>=3.0.0)", "pyjwt (>=2.0.0,<3)"]

[[package]]
name = "openapi-codec"
version = "1.3.2"
description = "An OpenAPI codec for Core API."
category = "main"
optional = false
python-versions = "*"

[package.dependencies]
coreapi = ">=2.2.0"

[[package]]
name = "packaging"
version = "24.0"
description = "Core utilities for Python packages"
category = "main"
optional = false
python-versions = ">=3.7"

[[package]]
name = "pillow"
version = "10.3.0"
description = "Python Imaging Library (Fork)"
category = "main"
optional = false
python-versions = ">=3.8"

[package.extras]
docs = ["furo", "olefile", "sphinx (>=2.4)", "sphinx-copybutton", "sphinx-inline-tabs", "sphinx-removed-in", "sphinxext-opengraph"]
fpx = ["olefile"]
mic = ["olefile"]
tests = ["check-manifest", "coverage", "defusedxml", "markdown2", "olefile", "packaging", "pyroma", "pytest", "pytest-cov", "pytest-timeout"]
typing = ["typing-extensions"]
xmp = ["defusedxml"]

[[package]]
name = "psycopg2-binary"
version = "2.9.9"
description = "psycopg2 - Python-PostgreSQL Database Adapter"
category = "main"
optional = false
python-versions = ">=3.7"

[[package]]
name = "pycparser"
version = "2.22"
description = "C parser in Python"
category = "main"
optional = false
python-versions = ">=3.8"

[[package]]
name = "pyjwt"
version = "2.8.0"
description = "JSON Web Token implementation in Python"
category = "main"
optional = false
python-versions = ">=3.7"

[package.extras]
crypto = ["cryptography (>=3.4.0)"]
dev = ["sphinx (>=4.5.0,<5.0.0)", "sphinx-rtd-theme", "zope.interface", "cryptography (>=3.4.0)", "pytest (>=6.0.0,<7.0.0)", "coverage[toml] (==5.0.4)", "pre-commit"]
docs = ["sphinx (>=4.5.0,<5.0.0)", "sphinx-rtd-theme", "zope.interface"]
tests = ["pytest (>=6.0.0,<7.0.0)", "coverage[toml] (==5.0.4)"]

[[package]]
name = "python-slugify"
version = "8.0.4"
description = "A Python slugify application that also handles Unicode"
category = "main"
optional = false
python-versions = ">=3.7"

[package.dependencies]
text-unidecode = ">=1.3"

[package.extras]
unidecode = ["Unidecode (>=1.1.1)"]

[[package]]
name = "python3-openid"
version = "3.2.0"
description = "OpenID support for modern servers and consumers."
category = "main"
optional = false
python-versions = "*"

[package.dependencies]
defusedxml = "*"

[package.extras]
mysql = ["mysql-connector-python"]
postgresql = ["psycopg2"]

[[package]]
name = "pytz"
version = "2024.1"
description = "World timezone definitions, modern and historical"
category = "main"
optional = false
python-versions = "*"

[[package]]
name = "pyyaml"
version = "6.0.1"
description = "YAML parser and emitter for Python"
category = "main"
optional = false
python-versions = ">=3.6"

[[package]]
name = "redis"
version = "5.0.5"
description = "Python client for Redis database and key-value store"
category = "main"
optional = false
python-versions = ">=3.7"

[package.dependencies]
async-timeout = {version = ">=4.0.3", markers = "python_full_version < \"3.11.3\""}

[package.extras]
hiredis = ["hiredis (>=1.0.0)"]
ocsp = ["cryptography (>=36.0.1)", "pyopenssl (==20.0.1)", "requests (>=2.26.0)"]

[[package]]
name = "referencing"
version = "0.35.1"
description = "JSON Referencing + Python"
category = "main"
optional = false
python-versions = ">=3.8"

[package.dependencies]
attrs = ">=22.2.0"
rpds-py = ">=0.7.0"

[[package]]
name = "requests"
version = "2.32.3"
description = "Python HTTP for Humans."
category = "main"
optional = false
python-versions = ">=3.8"

[package.dependencies]
certifi = ">=2017.4.17"
charset-normalizer = ">=2,<4"
idna = ">=2.5,<4"
urllib3 = ">=1.21.1,<3"

[package.extras]
socks = ["PySocks (>=1.5.6,!=1.5.7)"]
use-chardet-on-py3 = ["chardet (>=3.0.2,<6)"]

[[package]]
name = "requests-oauthlib"
version = "2.0.0"
description = "OAuthlib authentication support for Requests."
category = "main"
optional = false
python-versions = ">=3.4"

[package.dependencies]
oauthlib = ">=3.0.0"
requests = ">=2.0.0"

[package.extras]
rsa = ["oauthlib[signedtoken] (>=3.0.0)"]

[[package]]
name = "rpds-py"
version = "0.18.1"
description = "Python bindings to Rust's persistent data structures (rpds)"
category = "main"
optional = false
python-versions = ">=3.8"

[[package]]
name = "simplejson"
version = "3.19.2"
description = "Simple, fast, extensible JSON encoder/decoder for Python"
category = "main"
optional = false
python-versions = ">=2.5, !=3.0.*, !=3.1.*, !=3.2.*"

[[package]]
name = "social-auth-app-django"
version = "5.4.1"
description = "Python Social Authentication, Django integration."
category = "main"
optional = false
python-versions = ">=3.8"

[package.dependencies]
Django = ">=3.2"
social-auth-core = ">=4.4.1"

[[package]]
name = "social-auth-core"
version = "4.5.4"
description = "Python social authentication made simple."
category = "main"
optional = false
python-versions = ">=3.8"

[package.dependencies]
cryptography = ">=1.4"
defusedxml = ">=0.5.0rc1"
oauthlib = ">=1.0.3"
PyJWT = ">=2.7.0"
python3-openid = ">=3.0.10"
requests = ">=2.9.1"
requests-oauthlib = ">=0.6.1"

[package.extras]
all = ["python3-saml (>=1.5.0)", "cryptography (>=2.1.1)"]
allpy3 = ["python3-saml (>=1.5.0)", "cryptography (>=2.1.1)"]
azuread = ["cryptography (>=2.1.1)"]
saml = ["python3-saml (>=1.5.0)"]

[[package]]
name = "sqlparse"
version = "0.5.0"
description = "A non-validating SQL parser."
category = "main"
optional = false
python-versions = ">=3.8"

[package.extras]
dev = ["build", "hatch"]
doc = ["sphinx"]

[[package]]
name = "text-unidecode"
version = "1.3"
description = "The most basic Text::Unidecode port"
category = "main"
optional = false
python-versions = "*"

[[package]]
name = "typing-extensions"
version = "4.12.1"
description = "Backported and Experimental Type Hints for Python 3.8+"
category = "main"
optional = false
python-versions = ">=3.8"

[[package]]
name = "tzdata"
version = "2024.1"
description = "Provider of IANA time zone data"
category = "main"
optional = false
python-versions = ">=2"

[[package]]
name = "uritemplate"
version = "4.1.1"
description = "Implementation of RFC 6570 URI Templates"
category = "main"
optional = false
python-versions = ">=3.6"

[[package]]
name = "urllib3"
version = "2.2.1"
description = "HTTP library with thread-safe connection pooling, file post, and more."
category = "main"
optional = false
python-versions = ">=3.8"

[package.extras]
brotli = ["brotli (>=1.0.9)", "brotlicffi (>=0.8.0)"]
h2 = ["h2 (>=4,<5)"]
socks = ["pysocks (>=1.5.6,!=1.5.7,<2.0)"]
zstd = ["zstandard (>=0.18.0)"]

[[package]]
name = "win32-setctime"
version = "1.1.0"
description = "A small Python utility to set file creation time on Windows"
category = "main"
optional = false
python-versions = ">=3.5"

[package.extras]
dev = ["black (>=19.3b0)", "pytest (>=4.6.2)"]

[metadata]
lock-version = "1.1"
python-versions = "^3.9"
content-hash = "0edd787abad845bdd620dd542c72713f5b1a843faa9c3805fa754c8c004928cf"

[metadata.files]
asgiref = []
async-timeout = []
attrs = []
certifi = []
cffi = []
charset-normalizer = []
colorama = []
coreapi = []
coreschema = []
cryptography = []
defusedxml = []
django = []
django-admin-interface = []
django-colorfield = []
django-cors-headers = []
django-extensions = []
django-filter = []
django-redis = []
django-rest-swagger = []
django-templated-mail = []
djangorestframework = []
djangorestframework-simplejwt = []
djoser = []
drf-spectacular = []
drf-yasg = []
idna = []
inflection = []
itypes = []
jinja2 = []
jsonschema = []
jsonschema-specifications = []
loguru = []
markupsafe = []
oauthlib = []
openapi-codec = []
packaging = []
pillow = []
psycopg2-binary = []
pycparser = []
pyjwt = []
python-slugify = []
python3-openid = []
pytz = []
pyyaml = []
redis = []
referencing = []
requests = []
requests-oauthlib = []
rpds-py = []
simplejson = []
social-auth-app-django = []
social-auth-core = []
sqlparse = []
text-unidecode = []
typing-extensions = []
tzdata = []
uritemplate = []
urllib3 = []
win32-setctime = []
